// !$*UTF8*$!
{
	archiveVersion = 1;
	classes = {
	};
	objectVersion = 50;
	objects = {

/* Begin PBXBuildFile section */
		CF389AE9236F9E3900A71C6A /* AppDelegate.swift in Sources */ = {isa = PBXBuildFile; fileRef = CF389AE8236F9E3900A71C6A /* AppDelegate.swift */; };
		CF389AEB236F9E3900A71C6A /* SceneDelegate.swift in Sources */ = {isa = PBXBuildFile; fileRef = CF389AEA236F9E3900A71C6A /* SceneDelegate.swift */; };
		CF389AF0236F9E3900A71C6A /* Main.storyboard in Resources */ = {isa = PBXBuildFile; fileRef = CF389AEE236F9E3900A71C6A /* Main.storyboard */; };
		CF389AF2236F9E3A00A71C6A /* Assets.xcassets in Resources */ = {isa = PBXBuildFile; fileRef = CF389AF1236F9E3A00A71C6A /* Assets.xcassets */; };
		CF389AF5236F9E3A00A71C6A /* LaunchScreen.storyboard in Resources */ = {isa = PBXBuildFile; fileRef = CF389AF3236F9E3A00A71C6A /* LaunchScreen.storyboard */; };
		CF389AFD236F9ED100A71C6A /* Menu.swift in Sources */ = {isa = PBXBuildFile; fileRef = CF389AFC236F9ED100A71C6A /* Menu.swift */; };
		CF389AFF236FA44400A71C6A /* DefaultView.swift in Sources */ = {isa = PBXBuildFile; fileRef = CF389AFE236FA44400A71C6A /* DefaultView.swift */; };
		CF389B04236FA73C00A71C6A /* BaseView.swift in Sources */ = {isa = PBXBuildFile; fileRef = CF389B03236FA73C00A71C6A /* BaseView.swift */; };
		CF389B11236FB9E400A71C6A /* Day1View.swift in Sources */ = {isa = PBXBuildFile; fileRef = CF389B0F236FB9E400A71C6A /* Day1View.swift */; };
		CF389B12236FB9E400A71C6A /* Day1View.xib in Resources */ = {isa = PBXBuildFile; fileRef = CF389B10236FB9E400A71C6A /* Day1View.xib */; };
		CFFFF81B237BB5D100A0A49F /* Day9View.swift in Sources */ = {isa = PBXBuildFile; fileRef = CFFFF819237BB5D100A0A49F /* Day9View.swift */; };
		CFFFF81C237BB5D100A0A49F /* Day9View.xib in Resources */ = {isa = PBXBuildFile; fileRef = CFFFF81A237BB5D100A0A49F /* Day9View.xib */; };
		CFFFF81E237BB6B500A0A49F /* GameScene.swift in Sources */ = {isa = PBXBuildFile; fileRef = CFFFF81D237BB6B500A0A49F /* GameScene.swift */; };
/* End PBXBuildFile section */

/* Begin PBXFileReference section */
		CF389AE5236F9E3900A71C6A /* codevember.app */ = {isa = PBXFileReference; explicitFileType = wrapper.application; includeInIndex = 0; path = codevember.app; sourceTree = BUILT_PRODUCTS_DIR; };
		CF389AE8236F9E3900A71C6A /* AppDelegate.swift */ = {isa = PBXFileReference; lastKnownFileType = sourcecode.swift; path = AppDelegate.swift; sourceTree = "<group>"; };
		CF389AEA236F9E3900A71C6A /* SceneDelegate.swift */ = {isa = PBXFileReference; lastKnownFileType = sourcecode.swift; path = SceneDelegate.swift; sourceTree = "<group>"; };
		CF389AEF236F9E3900A71C6A /* Base */ = {isa = PBXFileReference; lastKnownFileType = file.storyboard; name = Base; path = Base.lproj/Main.storyboard; sourceTree = "<group>"; };
		CF389AF1236F9E3A00A71C6A /* Assets.xcassets */ = {isa = PBXFileReference; lastKnownFileType = folder.assetcatalog; path = Assets.xcassets; sourceTree = "<group>"; };
		CF389AF4236F9E3A00A71C6A /* Base */ = {isa = PBXFileReference; lastKnownFileType = file.storyboard; name = Base; path = Base.lproj/LaunchScreen.storyboard; sourceTree = "<group>"; };
		CF389AF6236F9E3A00A71C6A /* Info.plist */ = {isa = PBXFileReference; lastKnownFileType = text.plist.xml; path = Info.plist; sourceTree = "<group>"; };
		CF389AFC236F9ED100A71C6A /* Menu.swift */ = {isa = PBXFileReference; lastKnownFileType = sourcecode.swift; path = Menu.swift; sourceTree = "<group>"; };
		CF389AFE236FA44400A71C6A /* DefaultView.swift */ = {isa = PBXFileReference; lastKnownFileType = sourcecode.swift; path = DefaultView.swift; sourceTree = "<group>"; };
		CF389B03236FA73C00A71C6A /* BaseView.swift */ = {isa = PBXFileReference; lastKnownFileType = sourcecode.swift; path = BaseView.swift; sourceTree = "<group>"; };
		CF389B0F236FB9E400A71C6A /* Day1View.swift */ = {isa = PBXFileReference; lastKnownFileType = sourcecode.swift; path = Day1View.swift; sourceTree = "<group>"; };
		CF389B10236FB9E400A71C6A /* Day1View.xib */ = {isa = PBXFileReference; lastKnownFileType = file.xib; path = Day1View.xib; sourceTree = "<group>"; };
		CFFFF819237BB5D100A0A49F /* Day9View.swift */ = {isa = PBXFileReference; lastKnownFileType = sourcecode.swift; path = Day9View.swift; sourceTree = "<group>"; };
		CFFFF81A237BB5D100A0A49F /* Day9View.xib */ = {isa = PBXFileReference; lastKnownFileType = file.xib; path = Day9View.xib; sourceTree = "<group>"; };
		CFFFF81D237BB6B500A0A49F /* GameScene.swift */ = {isa = PBXFileReference; lastKnownFileType = sourcecode.swift; path = GameScene.swift; sourceTree = "<group>"; };
/* End PBXFileReference section */

/* Begin PBXFrameworksBuildPhase section */
		CF389AE2236F9E3900A71C6A /* Frameworks */ = {
			isa = PBXFrameworksBuildPhase;
			buildActionMask = 2147483647;
			files = (
			);
			runOnlyForDeploymentPostprocessing = 0;
		};
/* End PBXFrameworksBuildPhase section */

/* Begin PBXGroup section */
		CF389ADC236F9E3900A71C6A = {
			isa = PBXGroup;
			children = (
				CF389AE7236F9E3900A71C6A /* codevember */,
				CF389AE6236F9E3900A71C6A /* Products */,
			);
			sourceTree = "<group>";
		};
		CF389AE6236F9E3900A71C6A /* Products */ = {
			isa = PBXGroup;
			children = (
				CF389AE5236F9E3900A71C6A /* codevember.app */,
			);
			name = Products;
			sourceTree = "<group>";
		};
		CF389AE7236F9E3900A71C6A /* codevember */ = {
			isa = PBXGroup;
			children = (
				CF389B00236FA63B00A71C6A /* Application */,
				CF389B01236FA66100A71C6A /* Resources */,
				CF389B02236FA68500A71C6A /* Views */,
				CF389AF6236F9E3A00A71C6A /* Info.plist */,
			);
			path = codevember;
			sourceTree = "<group>";
		};
		CF389B00236FA63B00A71C6A /* Application */ = {
			isa = PBXGroup;
			children = (
				CF389AF3236F9E3A00A71C6A /* LaunchScreen.storyboard */,
				CF389AE8236F9E3900A71C6A /* AppDelegate.swift */,
				CF389AEA236F9E3900A71C6A /* SceneDelegate.swift */,
			);
			path = Application;
			sourceTree = "<group>";
		};
		CF389B01236FA66100A71C6A /* Resources */ = {
			isa = PBXGroup;
			children = (
				CF389AF1236F9E3A00A71C6A /* Assets.xcassets */,
			);
			path = Resources;
			sourceTree = "<group>";
		};
		CF389B02236FA68500A71C6A /* Views */ = {
			isa = PBXGroup;
			children = (
				CF389B05236FAC4400A71C6A /* Days */,
				CF389AEE236F9E3900A71C6A /* Main.storyboard */,
				CF389AFC236F9ED100A71C6A /* Menu.swift */,
				CF389AFE236FA44400A71C6A /* DefaultView.swift */,
				CF389B03236FA73C00A71C6A /* BaseView.swift */,
			);
			path = Views;
			sourceTree = "<group>";
		};
		CF389B05236FAC4400A71C6A /* Days */ = {
			isa = PBXGroup;
			children = (
				CF389B06236FAC4B00A71C6A /* Day1 */,
				CFFFF818237BB5AC00A0A49F /* Day 9 */,
			);
			path = Days;
			sourceTree = "<group>";
		};
		CF389B06236FAC4B00A71C6A /* Day1 */ = {
			isa = PBXGroup;
			children = (
				CF389B0F236FB9E400A71C6A /* Day1View.swift */,
				CF389B10236FB9E400A71C6A /* Day1View.xib */,
			);
			path = Day1;
			sourceTree = "<group>";
		};
		CFFFF818237BB5AC00A0A49F /* Day 9 */ = {
			isa = PBXGroup;
			children = (
				CFFFF819237BB5D100A0A49F /* Day9View.swift */,
				CFFFF81A237BB5D100A0A49F /* Day9View.xib */,
				CFFFF81D237BB6B500A0A49F /* GameScene.swift */,
			);
			path = "Day 9";
			sourceTree = "<group>";
		};
/* End PBXGroup section */

/* Begin PBXNativeTarget section */
		CF389AE4236F9E3900A71C6A /* codevember */ = {
			isa = PBXNativeTarget;
			buildConfigurationList = CF389AF9236F9E3A00A71C6A /* Build configuration list for PBXNativeTarget "codevember" */;
			buildPhases = (
				CF389AE1236F9E3900A71C6A /* Sources */,
				CF389AE2236F9E3900A71C6A /* Frameworks */,
				CF389AE3236F9E3900A71C6A /* Resources */,
			);
			buildRules = (
			);
			dependencies = (
			);
			name = codevember;
			productName = codevember;
			productReference = CF389AE5236F9E3900A71C6A /* codevember.app */;
			productType = "com.apple.product-type.application";
		};
/* End PBXNativeTarget section */

/* Begin PBXProject section */
		CF389ADD236F9E3900A71C6A /* Project object */ = {
			isa = PBXProject;
			attributes = {
				LastSwiftUpdateCheck = 1100;
				LastUpgradeCheck = 1100;
				ORGANIZATIONNAME = "Renan Germano";
				TargetAttributes = {
					CF389AE4236F9E3900A71C6A = {
						CreatedOnToolsVersion = 11.0;
					};
				};
			};
			buildConfigurationList = CF389AE0236F9E3900A71C6A /* Build configuration list for PBXProject "codevember" */;
			compatibilityVersion = "Xcode 9.3";
			developmentRegion = en;
			hasScannedForEncodings = 0;
			knownRegions = (
				en,
				Base,
			);
			mainGroup = CF389ADC236F9E3900A71C6A;
			productRefGroup = CF389AE6236F9E3900A71C6A /* Products */;
			projectDirPath = "";
			projectRoot = "";
			targets = (
				CF389AE4236F9E3900A71C6A /* codevember */,
			);
		};
/* End PBXProject section */

/* Begin PBXResourcesBuildPhase section */
		CF389AE3236F9E3900A71C6A /* Resources */ = {
			isa = PBXResourcesBuildPhase;
			buildActionMask = 2147483647;
			files = (
				CF389AF5236F9E3A00A71C6A /* LaunchScreen.storyboard in Resources */,
				CF389AF2236F9E3A00A71C6A /* Assets.xcassets in Resources */,
				CF389AF0236F9E3900A71C6A /* Main.storyboard in Resources */,
				CF389B12236FB9E400A71C6A /* Day1View.xib in Resources */,
				CFFFF81C237BB5D100A0A49F /* Day9View.xib in Resources */,
			);
			runOnlyForDeploymentPostprocessing = 0;
		};
/* End PBXResourcesBuildPhase section */

/* Begin PBXSourcesBuildPhase section */
		CF389AE1236F9E3900A71C6A /* Sources */ = {
			isa = PBXSourcesBuildPhase;
			buildActionMask = 2147483647;
			files = (
				CF389AFF236FA44400A71C6A /* DefaultView.swift in Sources */,
				CF389AFD236F9ED100A71C6A /* Menu.swift in Sources */,
				CFFFF81E237BB6B500A0A49F /* GameScene.swift in Sources */,
				CF389B04236FA73C00A71C6A /* BaseView.swift in Sources */,
				CF389AE9236F9E3900A71C6A /* AppDelegate.swift in Sources */,
				CF389AEB236F9E3900A71C6A /* SceneDelegate.swift in Sources */,
				CF389B11236FB9E400A71C6A /* Day1View.swift in Sources */,
				CFFFF81B237BB5D100A0A49F /* Day9View.swift in Sources */,
			);
			runOnlyForDeploymentPostprocessing = 0;
		};
/* End PBXSourcesBuildPhase section */

/* Begin PBXVariantGroup section */
		CF389AEE236F9E3900A71C6A /* Main.storyboard */ = {
			isa = PBXVariantGroup;
			children = (
				CF389AEF236F9E3900A71C6A /* Base */,
			);
			name = Main.storyboard;
			sourceTree = "<group>";
		};
		CF389AF3236F9E3A00A71C6A /* LaunchScreen.storyboard */ = {
			isa = PBXVariantGroup;
			children = (
				CF389AF4236F9E3A00A71C6A /* Base */,
			);
			name = LaunchScreen.storyboard;
			sourceTree = "<group>";
		};
/* End PBXVariantGroup section */

/* Begin XCBuildConfiguration section */
		CF389AF7236F9E3A00A71C6A /* Debug */ = {
			isa = XCBuildConfiguration;
			buildSettings = {
				ALWAYS_SEARCH_USER_PATHS = NO;
				CLANG_ANALYZER_NONNULL = YES;
				CLANG_ANALYZER_NUMBER_OBJECT_CONVERSION = YES_AGGRESSIVE;
				CLANG_CXX_LANGUAGE_STANDARD = "gnu++14";
				CLANG_CXX_LIBRARY = "libc++";
				CLANG_ENABLE_MODULES = YES;
				CLANG_ENABLE_OBJC_ARC = YES;
				CLANG_ENABLE_OBJC_WEAK = YES;
				CLANG_WARN_BLOCK_CAPTURE_AUTORELEASING = YES;
				CLANG_WARN_BOOL_CONVERSION = YES;
				CLANG_WARN_COMMA = YES;
				CLANG_WARN_CONSTANT_CONVERSION = YES;
				CLANG_WARN_DEPRECATED_OBJC_IMPLEMENTATIONS = YES;
				CLANG_WARN_DIRECT_OBJC_ISA_USAGE = YES_ERROR;
				CLANG_WARN_DOCUMENTATION_COMMENTS = YES;
				CLANG_WARN_EMPTY_BODY = YES;
				CLANG_WARN_ENUM_CONVERSION = YES;
				CLANG_WARN_INFINITE_RECURSION = YES;
				CLANG_WARN_INT_CONVERSION = YES;
				CLANG_WARN_NON_LITERAL_NULL_CONVERSION = YES;
				CLANG_WARN_OBJC_IMPLICIT_RETAIN_SELF = YES;
				CLANG_WARN_OBJC_LITERAL_CONVERSION = YES;
				CLANG_WARN_OBJC_ROOT_CLASS = YES_ERROR;
				CLANG_WARN_RANGE_LOOP_ANALYSIS = YES;
				CLANG_WARN_STRICT_PROTOTYPES = YES;
				CLANG_WARN_SUSPICIOUS_MOVE = YES;
				CLANG_WARN_UNGUARDED_AVAILABILITY = YES_AGGRESSIVE;
				CLANG_WARN_UNREACHABLE_CODE = YES;
				CLANG_WARN__DUPLICATE_METHOD_MATCH = YES;
				COPY_PHASE_STRIP = NO;
				DEBUG_INFORMATION_FORMAT = dwarf;
				ENABLE_STRICT_OBJC_MSGSEND = YES;
				ENABLE_TESTABILITY = YES;
				GCC_C_LANGUAGE_STANDARD = gnu11;
				GCC_DYNAMIC_NO_PIC = NO;
				GCC_NO_COMMON_BLOCKS = YES;
				GCC_OPTIMIZATION_LEVEL = 0;
				GCC_PREPROCESSOR_DEFINITIONS = (
					"DEBUG=1",
					"$(inherited)",
				);
				GCC_WARN_64_TO_32_BIT_CONVERSION = YES;
				GCC_WARN_ABOUT_RETURN_TYPE = YES_ERROR;
				GCC_WARN_UNDECLARED_SELECTOR = YES;
				GCC_WARN_UNINITIALIZED_AUTOS = YES_AGGRESSIVE;
				GCC_WARN_UNUSED_FUNCTION = YES;
				GCC_WARN_UNUSED_VARIABLE = YES;
				IPHONEOS_DEPLOYMENT_TARGET = 13.0;
				MTL_ENABLE_DEBUG_INFO = INCLUDE_SOURCE;
				MTL_FAST_MATH = YES;
				ONLY_ACTIVE_ARCH = YES;
				SDKROOT = iphoneos;
				SWIFT_ACTIVE_COMPILATION_CONDITIONS = DEBUG;
				SWIFT_OPTIMIZATION_LEVEL = "-Onone";
			};
			name = Debug;
		};
		CF389AF8236F9E3A00A71C6A /* Release */ = {
			isa = XCBuildConfiguration;
			buildSettings = {
				ALWAYS_SEARCH_USER_PATHS = NO;
				CLANG_ANALYZER_NONNULL = YES;
				CLANG_ANALYZER_NUMBER_OBJECT_CONVERSION = YES_AGGRESSIVE;
				CLANG_CXX_LANGUAGE_STANDARD = "gnu++14";
				CLANG_CXX_LIBRARY = "libc++";
				CLANG_ENABLE_MODULES = YES;
				CLANG_ENABLE_OBJC_ARC = YES;
				CLANG_ENABLE_OBJC_WEAK = YES;
				CLANG_WARN_BLOCK_CAPTURE_AUTORELEASING = YES;
				CLANG_WARN_BOOL_CONVERSION = YES;
				CLANG_WARN_COMMA = YES;
				CLANG_WARN_CONSTANT_CONVERSION = YES;
				CLANG_WARN_DEPRECATED_OBJC_IMPLEMENTATIONS = YES;
				CLANG_WARN_DIRECT_OBJC_ISA_USAGE = YES_ERROR;
				CLANG_WARN_DOCUMENTATION_COMMENTS = YES;
				CLANG_WARN_EMPTY_BODY = YES;
				CLANG_WARN_ENUM_CONVERSION = YES;
				CLANG_WARN_INFINITE_RECURSION = YES;
				CLANG_WARN_INT_CONVERSION = YES;
				CLANG_WARN_NON_LITERAL_NULL_CONVERSION = YES;
				CLANG_WARN_OBJC_IMPLICIT_RETAIN_SELF = YES;
				CLANG_WARN_OBJC_LITERAL_CONVERSION = YES;
				CLANG_WARN_OBJC_ROOT_CLASS = YES_ERROR;
				CLANG_WARN_RANGE_LOOP_ANALYSIS = YES;
				CLANG_WARN_STRICT_PROTOTYPES = YES;
				CLANG_WARN_SUSPICIOUS_MOVE = YES;
				CLANG_WARN_UNGUARDED_AVAILABILITY = YES_AGGRESSIVE;
				CLANG_WARN_UNREACHABLE_CODE = YES;
				CLANG_WARN__DUPLICATE_METHOD_MATCH = YES;
				COPY_PHASE_STRIP = NO;
				DEBUG_INFORMATION_FORMAT = "dwarf-with-dsym";
				ENABLE_NS_ASSERTIONS = NO;
				ENABLE_STRICT_OBJC_MSGSEND = YES;
				GCC_C_LANGUAGE_STANDARD = gnu11;
				GCC_NO_COMMON_BLOCKS = YES;
				GCC_WARN_64_TO_32_BIT_CONVERSION = YES;
				GCC_WARN_ABOUT_RETURN_TYPE = YES_ERROR;
				GCC_WARN_UNDECLARED_SELECTOR = YES;
				GCC_WARN_UNINITIALIZED_AUTOS = YES_AGGRESSIVE;
				GCC_WARN_UNUSED_FUNCTION = YES;
				GCC_WARN_UNUSED_VARIABLE = YES;
				IPHONEOS_DEPLOYMENT_TARGET = 13.0;
				MTL_ENABLE_DEBUG_INFO = NO;
				MTL_FAST_MATH = YES;
				SDKROOT = iphoneos;
				SWIFT_COMPILATION_MODE = wholemodule;
				SWIFT_OPTIMIZATION_LEVEL = "-O";
				VALIDATE_PRODUCT = YES;
			};
			name = Release;
		};
		CF389AFA236F9E3A00A71C6A /* Debug */ = {
			isa = XCBuildConfiguration;
			buildSettings = {
				ASSETCATALOG_COMPILER_APPICON_NAME = AppIcon;
				CODE_SIGN_STYLE = Automatic;
				DEVELOPMENT_TEAM = C45KF93FKW;
				INFOPLIST_FILE = codevember/Info.plist;
				LD_RUNPATH_SEARCH_PATHS = (
					"$(inherited)",
					"@executable_path/Frameworks",
				);
				PRODUCT_BUNDLE_IDENTIFIER = br.com.renan.codevember;
				PRODUCT_NAME = "$(TARGET_NAME)";
				SWIFT_VERSION = 5.0;
				TARGETED_DEVICE_FAMILY = "1,2";
			};
			name = Debug;
		};
		CF389AFB236F9E3A00A71C6A /* Release */ = {
			isa = XCBuildConfiguration;
			buildSettings = {
				ASSETCATALOG_COMPILER_APPICON_NAME = AppIcon;
				CODE_SIGN_STYLE = Automatic;
				DEVELOPMENT_TEAM = C45KF93FKW;
				INFOPLIST_FILE = codevember/Info.plist;
				LD_RUNPATH_SEARCH_PATHS = (
					"$(inherited)",
					"@executable_path/Frameworks",
				);
				PRODUCT_BUNDLE_IDENTIFIER = br.com.renan.codevember;
				PRODUCT_NAME = "$(TARGET_NAME)";
				SWIFT_VERSION = 5.0;
				TARGETED_DEVICE_FAMILY = "1,2";
			};
			name = Release;
		};
/* End XCBuildConfiguration section */

/* Begin XCConfigurationList section */
		CF389AE0236F9E3900A71C6A /* Build configuration list for PBXProject "codevember" */ = {
			isa = XCConfigurationList;
			buildConfigurations = (
				CF389AF7236F9E3A00A71C6A /* Debug */,
				CF389AF8236F9E3A00A71C6A /* Release */,
			);
			defaultConfigurationIsVisible = 0;
			defaultConfigurationName = Release;
		};
		CF389AF9236F9E3A00A71C6A /* Build configuration list for PBXNativeTarget "codevember" */ = {
			isa = XCConfigurationList;
			buildConfigurations = (
				CF389AFA236F9E3A00A71C6A /* Debug */,
				CF389AFB236F9E3A00A71C6A /* Release */,
			);
			defaultConfigurationIsVisible = 0;
			defaultConfigurationName = Release;
		};
/* End XCConfigurationList section */
	};
	rootObject = CF389ADD236F9E3900A71C6A /* Project object */;
}
